
Microsoft Visual Studio Solution File, Format Version 12.00
# Visual Studio Version 17
VisualStudioVersion = 17.9.34607.119
MinimumVisualStudioVersion = 10.0.40219.1
Project("{FAE04EC0-301F-11D3-BF4B-00C04F79EFBC}") = "Corkedfever.Common.Data", "Corkedfever.Common.Data.csproj", "{D8785B89-2E64-475F-9062-5664DE0573B8}"
EndProject
Global
	GlobalSection(SolutionConfigurationPlatforms) = preSolution
		Debug|Any CPU = Debug|Any CPU
		Release|Any CPU = Release|Any CPU
	EndGlobalSection
	GlobalSection(ProjectConfigurationPlatforms) = postSolution
		{D8785B89-2E64-475F-9062-5664DE0573B8}.Debug|Any CPU.ActiveCfg = Debug|Any CPU
		{D8785B89-2E64-475F-9062-5664DE0573B8}.Debug|Any CPU.Build.0 = Debug|Any CPU
		{D8785B89-2E64-475F-9062-5664DE0573B8}.Release|Any CPU.ActiveCfg = Release|Any CPU
		{D8785B89-2E64-475F-9062-5664DE0573B8}.Release|Any CPU.Build.0 = Release|Any CPU
	EndGlobalSection
	GlobalSection(SolutionProperties) = preSolution
		HideSolutionNode = FALSE
	EndGlobalSection
	GlobalSection(ExtensibilityGlobals) = postSolution
		SolutionGuid = {DB17DADD-1409-43BC-8FE9-5ECB52F36258}
	EndGlobalSection
EndGlobal
